
Microsoft Visual Studio Solution File, Format Version 12.00
# Visual Studio Version 17
VisualStudioVersion = 17.14.36429.23 d17.14
MinimumVisualStudioVersion = 10.0.40219.1
Project("{FAE04EC0-301F-11D3-BF4B-00C04F79EFBC}") = "budget_tracker", "budget_tracker\budget_tracker.csproj", "{460B5FA7-21BC-44E3-BBA6-9DA019894F13}"
EndProject
Global
	GlobalSection(SolutionConfigurationPlatforms) = preSolution
		Debug|Any CPU = Debug|Any CPU
		Release|Any CPU = Release|Any CPU
	EndGlobalSection
	GlobalSection(ProjectConfigurationPlatforms) = postSolution
		{460B5FA7-21BC-44E3-BBA6-9DA019894F13}.Debug|Any CPU.ActiveCfg = Debug|Any CPU
		{460B5FA7-21BC-44E3-BBA6-9DA019894F13}.Debug|Any CPU.Build.0 = Debug|Any CPU
		{460B5FA7-21BC-44E3-BBA6-9DA019894F13}.Release|Any CPU.ActiveCfg = Release|Any CPU
		{460B5FA7-21BC-44E3-BBA6-9DA019894F13}.Release|Any CPU.Build.0 = Release|Any CPU
	EndGlobalSection
	GlobalSection(SolutionProperties) = preSolution
		HideSolutionNode = FALSE
	EndGlobalSection
	GlobalSection(ExtensibilityGlobals) = postSolution
		SolutionGuid = {65ADA352-4C0F-4F2A-800F-149B2A0083B7}
	EndGlobalSection
EndGlobal
